{
	"name": "bandnames",
	"version": "1.0.3",
	"lockfileVersion": 2,
	"requires": true,
	"packages": {
		"": {
			"name": "bandnames",
			"version": "1.0.3",
			"license": "ISC",
			"dependencies": {
				"webextension-polyfill": "^0.12.0"
			},
			"devDependencies": {
				"@types/chrome": "^0.0.287",
				"@types/firefox-webext-browser": "^120.0.4",
				"@types/node": "^22.10.2",
				"@types/webextension-polyfill": "^0.12.1",
				"typescript": "^5.7.2",
				"web-ext-types": "^3.2.1"
			}
		},
		"node_modules/@types/chrome": {
			"version": "0.0.287",
			"resolved": "https://registry.npmjs.org/@types/chrome/-/chrome-0.0.287.tgz",
			"integrity": "sha512-wWhBNPNXZHwycHKNYnexUcpSbrihVZu++0rdp6GEk5ZgAglenLx+RwdEouh6FrHS0XQiOxSd62yaujM1OoQlZQ==",
			"dev": true,
			"license": "MIT",
			"dependencies": {
				"@types/filesystem": "*",
				"@types/har-format": "*"
			}
		},
		"node_modules/@types/filesystem": {
			"version": "0.0.32",
			"resolved": "https://registry.npmjs.org/@types/filesystem/-/filesystem-0.0.32.tgz",
			"integrity": "sha512-Yuf4jR5YYMR2DVgwuCiP11s0xuVRyPKmz8vo6HBY3CGdeMj8af93CFZX+T82+VD1+UqHOxTq31lO7MI7lepBtQ==",
			"dev": true,
			"dependencies": {
				"@types/filewriter": "*"
			}
		},
		"node_modules/@types/filewriter": {
			"version": "0.0.29",
			"resolved": "https://registry.npmjs.org/@types/filewriter/-/filewriter-0.0.29.tgz",
			"integrity": "sha512-BsPXH/irW0ht0Ji6iw/jJaK8Lj3FJemon2gvEqHKpCdDCeemHa+rI3WBGq5z7cDMZgoLjY40oninGxqk+8NzNQ==",
			"dev": true
		},
		"node_modules/@types/firefox-webext-browser": {
			"version": "120.0.4",
			"resolved": "https://registry.npmjs.org/@types/firefox-webext-browser/-/firefox-webext-browser-120.0.4.tgz",
			"integrity": "sha512-lBrpf08xhiZBigrtdQfUaqX1UauwZ+skbFiL8u2Tdra/rklkKadYmIzTwkNZSWtuZ7OKpFqbE2HHfDoFqvZf6w==",
			"dev": true,
			"license": "MIT"
		},
		"node_modules/@types/har-format": {
			"version": "1.2.8",
			"resolved": "https://registry.npmjs.org/@types/har-format/-/har-format-1.2.8.tgz",
			"integrity": "sha512-OP6L9VuZNdskgNN3zFQQ54ceYD8OLq5IbqO4VK91ORLfOm7WdT/CiT/pHEBSQEqCInJ2y3O6iCm/zGtPElpgJQ==",
			"dev": true
		},
		"node_modules/@types/node": {
			"version": "22.10.2",
			"resolved": "https://registry.npmjs.org/@types/node/-/node-22.10.2.tgz",
			"integrity": "sha512-Xxr6BBRCAOQixvonOye19wnzyDiUtTeqldOOmj3CkeblonbccA12PFwlufvRdrpjXxqnmUaeiU5EOA+7s5diUQ==",
			"dev": true,
			"license": "MIT",
			"dependencies": {
				"undici-types": "~6.20.0"
			}
		},
		"node_modules/@types/webextension-polyfill": {
			"version": "0.12.1",
			"resolved": "https://registry.npmjs.org/@types/webextension-polyfill/-/webextension-polyfill-0.12.1.tgz",
			"integrity": "sha512-xPTFWwQ8BxPevPF2IKsf4hpZNss4LxaOLZXypQH4E63BDLmcwX/RMGdI4tB4VO4Nb6xDBH3F/p4gz4wvof1o9w==",
			"dev": true,
			"license": "MIT"
		},
		"node_modules/typescript": {
			"version": "5.7.2",
			"resolved": "https://registry.npmjs.org/typescript/-/typescript-5.7.2.tgz",
			"integrity": "sha512-i5t66RHxDvVN40HfDd1PsEThGNnlMCMT3jMUuoh9/0TaqWevNontacunWyN02LA9/fIbEWlcHZcgTKb9QoaLfg==",
			"dev": true,
			"license": "Apache-2.0",
			"bin": {
				"tsc": "bin/tsc",
				"tsserver": "bin/tsserver"
			},
			"engines": {
				"node": ">=14.17"
			}
		},
		"node_modules/undici-types": {
			"version": "6.20.0",
			"resolved": "https://registry.npmjs.org/undici-types/-/undici-types-6.20.0.tgz",
			"integrity": "sha512-Ny6QZ2Nju20vw1SRHe3d9jVu6gJ+4e3+MMpqu7pqE5HT6WsTSlce++GQmK5UXS8mzV8DSYHrQH+Xrf2jVcuKNg==",
			"dev": true,
			"license": "MIT"
		},
		"node_modules/web-ext-types": {
			"version": "3.2.1",
			"resolved": "https://registry.npmjs.org/web-ext-types/-/web-ext-types-3.2.1.tgz",
			"integrity": "sha512-oQZYDU3W8X867h8Jmt3129kRVKklz70db40Y6OzoTTuzOJpF/dB2KULJUf0txVPyUUXuyzV8GmT3nVvRHoG+Ew==",
			"dev": true,
			"license": "MPL-2.0"
		},
		"node_modules/webextension-polyfill": {
			"version": "0.12.0",
			"resolved": "https://registry.npmjs.org/webextension-polyfill/-/webextension-polyfill-0.12.0.tgz",
			"integrity": "sha512-97TBmpoWJEE+3nFBQ4VocyCdLKfw54rFaJ6EVQYLBCXqCIpLSZkwGgASpv4oPt9gdKCJ80RJlcmNzNn008Ag6Q==",
			"license": "MPL-2.0"
		}
	},
	"dependencies": {
		"@types/chrome": {
			"version": "0.0.287",
			"resolved": "https://registry.npmjs.org/@types/chrome/-/chrome-0.0.287.tgz",
			"integrity": "sha512-wWhBNPNXZHwycHKNYnexUcpSbrihVZu++0rdp6GEk5ZgAglenLx+RwdEouh6FrHS0XQiOxSd62yaujM1OoQlZQ==",
			"dev": true,
			"requires": {
				"@types/filesystem": "*",
				"@types/har-format": "*"
			}
		},
		"@types/filesystem": {
			"version": "0.0.32",
			"resolved": "https://registry.npmjs.org/@types/filesystem/-/filesystem-0.0.32.tgz",
			"integrity": "sha512-Yuf4jR5YYMR2DVgwuCiP11s0xuVRyPKmz8vo6HBY3CGdeMj8af93CFZX+T82+VD1+UqHOxTq31lO7MI7lepBtQ==",
			"dev": true,
			"requires": {
				"@types/filewriter": "*"
			}
		},
		"@types/filewriter": {
			"version": "0.0.29",
			"resolved": "https://registry.npmjs.org/@types/filewriter/-/filewriter-0.0.29.tgz",
			"integrity": "sha512-BsPXH/irW0ht0Ji6iw/jJaK8Lj3FJemon2gvEqHKpCdDCeemHa+rI3WBGq5z7cDMZgoLjY40oninGxqk+8NzNQ==",
			"dev": true
		},
		"@types/firefox-webext-browser": {
			"version": "120.0.4",
			"resolved": "https://registry.npmjs.org/@types/firefox-webext-browser/-/firefox-webext-browser-120.0.4.tgz",
			"integrity": "sha512-lBrpf08xhiZBigrtdQfUaqX1UauwZ+skbFiL8u2Tdra/rklkKadYmIzTwkNZSWtuZ7OKpFqbE2HHfDoFqvZf6w==",
			"dev": true
		},
		"@types/har-format": {
			"version": "1.2.8",
			"resolved": "https://registry.npmjs.org/@types/har-format/-/har-format-1.2.8.tgz",
			"integrity": "sha512-OP6L9VuZNdskgNN3zFQQ54ceYD8OLq5IbqO4VK91ORLfOm7WdT/CiT/pHEBSQEqCInJ2y3O6iCm/zGtPElpgJQ==",
			"dev": true
		},
		"@types/node": {
			"version": "22.10.2",
			"resolved": "https://registry.npmjs.org/@types/node/-/node-22.10.2.tgz",
			"integrity": "sha512-Xxr6BBRCAOQixvonOye19wnzyDiUtTeqldOOmj3CkeblonbccA12PFwlufvRdrpjXxqnmUaeiU5EOA+7s5diUQ==",
			"dev": true,
			"requires": {
				"undici-types": "~6.20.0"
			}
		},
		"@types/webextension-polyfill": {
			"version": "0.12.1",
			"resolved": "https://registry.npmjs.org/@types/webextension-polyfill/-/webextension-polyfill-0.12.1.tgz",
			"integrity": "sha512-xPTFWwQ8BxPevPF2IKsf4hpZNss4LxaOLZXypQH4E63BDLmcwX/RMGdI4tB4VO4Nb6xDBH3F/p4gz4wvof1o9w==",
			"dev": true
		},
		"typescript": {
			"version": "5.7.2",
			"resolved": "https://registry.npmjs.org/typescript/-/typescript-5.7.2.tgz",
			"integrity": "sha512-i5t66RHxDvVN40HfDd1PsEThGNnlMCMT3jMUuoh9/0TaqWevNontacunWyN02LA9/fIbEWlcHZcgTKb9QoaLfg==",
			"dev": true
		},
		"undici-types": {
			"version": "6.20.0",
			"resolved": "https://registry.npmjs.org/undici-types/-/undici-types-6.20.0.tgz",
			"integrity": "sha512-Ny6QZ2Nju20vw1SRHe3d9jVu6gJ+4e3+MMpqu7pqE5HT6WsTSlce++GQmK5UXS8mzV8DSYHrQH+Xrf2jVcuKNg==",
			"dev": true
		},
		"web-ext-types": {
			"version": "3.2.1",
			"resolved": "https://registry.npmjs.org/web-ext-types/-/web-ext-types-3.2.1.tgz",
			"integrity": "sha512-oQZYDU3W8X867h8Jmt3129kRVKklz70db40Y6OzoTTuzOJpF/dB2KULJUf0txVPyUUXuyzV8GmT3nVvRHoG+Ew==",
			"dev": true
		},
		"webextension-polyfill": {
			"version": "0.12.0",
			"resolved": "https://registry.npmjs.org/webextension-polyfill/-/webextension-polyfill-0.12.0.tgz",
			"integrity": "sha512-97TBmpoWJEE+3nFBQ4VocyCdLKfw54rFaJ6EVQYLBCXqCIpLSZkwGgASpv4oPt9gdKCJ80RJlcmNzNn008Ag6Q=="
		}
	}
}
